{
  "name": "wright-now",
  "version": "0.1.0",
  "lockfileVersion": 3,
  "requires": true,
  "packages": {
    "": {
      "name": "wright-now",
      "version": "0.1.0",
      "workspaces": [
        "services/*",
        "clients/*",
        "packages/*"
      ],
      "devDependencies": {},
      "engines": {
        "node": ">=18.0.0",
        "npm": ">=9.0.0"
      }
    }
  }
}
